github.com/go-msvc/errors v0.0.0-20191116111408-1c2c4914594f h1:H133ILkH0NDwCWK2bnosKrELC9U1986a/9Dir3pZBm8=
github.com/go-msvc/errors v0.0.0-20191116111408-1c2c4914594f/go.mod h1:6TowyvcfJbqCqtdQiUebaZFv8oKr9w725osRS4PjBuc=
github.com/go-msvc/log v0.0.0-20191116112111-7c37e92eadf6 h1:lt8o36xXbpgoARw1+8kQsYlWaiaWRSaOlzUyF5hQ+94=
github.com/go-msvc/log v0.0.0-20191116112111-7c37e92eadf6/go.mod h1:Dnqfxk5HByk8ymjEJWsYo0V35hNTL3jfdqofPWB7Jac=
