github.com/go-msvc/errors v0.0.0-20191116111408-1c2c4914594f h1:H133ILkH0NDwCWK2bnosKrELC9U1986a/9Dir3pZBm8=
github.com/go-msvc/errors v0.0.0-20191116111408-1c2c4914594f/go.mod h1:6TowyvcfJbqCqtdQiUebaZFv8oKr9w725osRS4PjBuc=
github.com/go-msvc/log v0.0.0-20191116111959-1361b9b0c225 h1:axrqd/Na4GitMrOrmdwY6MfchkuRQoLf++XNvtgMZ04=
github.com/go-msvc/log v0.0.0-20191116111959-1361b9b0c225/go.mod h1:Dnqfxk5HByk8ymjEJWsYo0V35hNTL3jfdqofPWB7Jac=
github.com/go-msvc/log v0.0.0-20191116112111-7c37e92eadf6 h1:lt8o36xXbpgoARw1+8kQsYlWaiaWRSaOlzUyF5hQ+94=
github.com/go-msvc/log v0.0.0-20191116112111-7c37e92eadf6/go.mod h1:Dnqfxk5HByk8ymjEJWsYo0V35hNTL3jfdqofPWB7Jac=
github.com/jansemmelink/log v0.3.0 h1:9VLc9thM0HeUQw808EN1jzqeLEUxwS3c6DgoNzSOtJc=
github.com/jansemmelink/log v0.3.0/go.mod h1:4npzuSpVcgpimzy6N9b1E1yTv5L4QfZ2G0CzNDb+55M=
